
Microsoft Visual Studio Solution File, Format Version 12.00
# Visual Studio Version 16
VisualStudioVersion = 16.0.32602.291
MinimumVisualStudioVersion = 10.0.40219.1
Project("{FAE04EC0-301F-11D3-BF4B-00C04F79EFBC}") = "Firstproject", "Firstproject\Firstproject.csproj", "{BD9B42B2-4215-4037-BDA5-735B50365D01}"
EndProject
Global
	GlobalSection(SolutionConfigurationPlatforms) = preSolution
		Debug|Any CPU = Debug|Any CPU
		Release|Any CPU = Release|Any CPU
	EndGlobalSection
	GlobalSection(ProjectConfigurationPlatforms) = postSolution
		{BD9B42B2-4215-4037-BDA5-735B50365D01}.Debug|Any CPU.ActiveCfg = Debug|Any CPU
		{BD9B42B2-4215-4037-BDA5-735B50365D01}.Debug|Any CPU.Build.0 = Debug|Any CPU
		{BD9B42B2-4215-4037-BDA5-735B50365D01}.Release|Any CPU.ActiveCfg = Release|Any CPU
		{BD9B42B2-4215-4037-BDA5-735B50365D01}.Release|Any CPU.Build.0 = Release|Any CPU
	EndGlobalSection
	GlobalSection(SolutionProperties) = preSolution
		HideSolutionNode = FALSE
	EndGlobalSection
	GlobalSection(ExtensibilityGlobals) = postSolution
		SolutionGuid = {DF6ED770-2CB1-4E5F-8572-A8E70BAD495B}
	EndGlobalSection
EndGlobal
